
Microsoft Visual Studio Solution File, Format Version 12.00
# Visual Studio Version 17
VisualStudioVersion = 17.9.34728.123
MinimumVisualStudioVersion = 10.0.40219.1
Project("{9A19103F-16F7-4668-BE54-9A1E7A4F7556}") = "Wpf", "Wpf\Wpf.csproj", "{E88BF85A-89A2-4D14-9249-EA2737BA959E}"
EndProject
Project("{9A19103F-16F7-4668-BE54-9A1E7A4F7556}") = "DataAccessLayer", "DataAccessLayer\DataAccessLayer.csproj", "{99A15BAD-92BD-4994-B0BA-772A68C6D0F8}"
EndProject
Project("{9A19103F-16F7-4668-BE54-9A1E7A4F7556}") = "BusinessObjects", "BusinessObjects\BusinessObjects.csproj", "{C09FB95E-702C-4038-926C-32DA81FD182E}"
EndProject
Project("{9A19103F-16F7-4668-BE54-9A1E7A4F7556}") = "Repositories", "Repositories\Repositories.csproj", "{A6276BC1-19ED-4F67-90C2-3CA71F9194FF}"
EndProject
Project("{9A19103F-16F7-4668-BE54-9A1E7A4F7556}") = "Service", "Service\Service.csproj", "{233B9CDE-E684-4A9B-A981-C5B0FFBBB474}"
EndProject
Global
	GlobalSection(SolutionConfigurationPlatforms) = preSolution
		Debug|Any CPU = Debug|Any CPU
		Release|Any CPU = Release|Any CPU
	EndGlobalSection
	GlobalSection(ProjectConfigurationPlatforms) = postSolution
		{E88BF85A-89A2-4D14-9249-EA2737BA959E}.Debug|Any CPU.ActiveCfg = Release|Any CPU
		{E88BF85A-89A2-4D14-9249-EA2737BA959E}.Debug|Any CPU.Build.0 = Release|Any CPU
		{E88BF85A-89A2-4D14-9249-EA2737BA959E}.Release|Any CPU.ActiveCfg = Release|Any CPU
		{E88BF85A-89A2-4D14-9249-EA2737BA959E}.Release|Any CPU.Build.0 = Release|Any CPU
		{99A15BAD-92BD-4994-B0BA-772A68C6D0F8}.Debug|Any CPU.ActiveCfg = Release|Any CPU
		{99A15BAD-92BD-4994-B0BA-772A68C6D0F8}.Debug|Any CPU.Build.0 = Release|Any CPU
		{99A15BAD-92BD-4994-B0BA-772A68C6D0F8}.Release|Any CPU.ActiveCfg = Release|Any CPU
		{99A15BAD-92BD-4994-B0BA-772A68C6D0F8}.Release|Any CPU.Build.0 = Release|Any CPU
		{C09FB95E-702C-4038-926C-32DA81FD182E}.Debug|Any CPU.ActiveCfg = Release|Any CPU
		{C09FB95E-702C-4038-926C-32DA81FD182E}.Debug|Any CPU.Build.0 = Release|Any CPU
		{C09FB95E-702C-4038-926C-32DA81FD182E}.Release|Any CPU.ActiveCfg = Release|Any CPU
		{C09FB95E-702C-4038-926C-32DA81FD182E}.Release|Any CPU.Build.0 = Release|Any CPU
		{A6276BC1-19ED-4F67-90C2-3CA71F9194FF}.Debug|Any CPU.ActiveCfg = Release|Any CPU
		{A6276BC1-19ED-4F67-90C2-3CA71F9194FF}.Debug|Any CPU.Build.0 = Release|Any CPU
		{A6276BC1-19ED-4F67-90C2-3CA71F9194FF}.Release|Any CPU.ActiveCfg = Release|Any CPU
		{A6276BC1-19ED-4F67-90C2-3CA71F9194FF}.Release|Any CPU.Build.0 = Release|Any CPU
		{233B9CDE-E684-4A9B-A981-C5B0FFBBB474}.Debug|Any CPU.ActiveCfg = Release|Any CPU
		{233B9CDE-E684-4A9B-A981-C5B0FFBBB474}.Debug|Any CPU.Build.0 = Release|Any CPU
		{233B9CDE-E684-4A9B-A981-C5B0FFBBB474}.Release|Any CPU.ActiveCfg = Release|Any CPU
		{233B9CDE-E684-4A9B-A981-C5B0FFBBB474}.Release|Any CPU.Build.0 = Release|Any CPU
	EndGlobalSection
	GlobalSection(SolutionProperties) = preSolution
		HideSolutionNode = FALSE
	EndGlobalSection
	GlobalSection(ExtensibilityGlobals) = postSolution
		SolutionGuid = {52E7EB31-4D55-4383-93B9-4573EBA1B8A3}
	EndGlobalSection
EndGlobal
